
Microsoft Visual Studio Solution File, Format Version 12.00
# Visual Studio Version 16
VisualStudioVersion = 16.0.31515.178
MinimumVisualStudioVersion = 10.0.40219.1
Project("{FAE04EC0-301F-11D3-BF4B-00C04F79EFBC}") = "RecapDemoDamaTahtasi", "RecapDemoDamaTahtasi\RecapDemoDamaTahtasi.csproj", "{1F477DB8-5E6D-41DB-B472-2C4981D99D86}"
EndProject
Global
	GlobalSection(SolutionConfigurationPlatforms) = preSolution
		Debug|Any CPU = Debug|Any CPU
		Release|Any CPU = Release|Any CPU
	EndGlobalSection
	GlobalSection(ProjectConfigurationPlatforms) = postSolution
		{1F477DB8-5E6D-41DB-B472-2C4981D99D86}.Debug|Any CPU.ActiveCfg = Debug|Any CPU
		{1F477DB8-5E6D-41DB-B472-2C4981D99D86}.Debug|Any CPU.Build.0 = Debug|Any CPU
		{1F477DB8-5E6D-41DB-B472-2C4981D99D86}.Release|Any CPU.ActiveCfg = Release|Any CPU
		{1F477DB8-5E6D-41DB-B472-2C4981D99D86}.Release|Any CPU.Build.0 = Release|Any CPU
	EndGlobalSection
	GlobalSection(SolutionProperties) = preSolution
		HideSolutionNode = FALSE
	EndGlobalSection
	GlobalSection(ExtensibilityGlobals) = postSolution
		SolutionGuid = {E587CB66-4FD8-4FAF-8694-DEB54B387474}
	EndGlobalSection
EndGlobal
